
Microsoft Visual Studio Solution File, Format Version 12.00
# Visual Studio Version 17
VisualStudioVersion = 17.3.32901.215
MinimumVisualStudioVersion = 10.0.40219.1
Project("{FAE04EC0-301F-11D3-BF4B-00C04F79EFBC}") = "PW5", "PW5\PW5.csproj", "{08D54BB3-3AEB-4D7B-841C-2A6FEFAAC3B2}"
EndProject
Project("{FAE04EC0-301F-11D3-BF4B-00C04F79EFBC}") = "PW5_2", "PW5_2\PW5_2.csproj", "{AA34FB86-0306-4E7C-B73B-8DC00552D89F}"
EndProject
Project("{FAE04EC0-301F-11D3-BF4B-00C04F79EFBC}") = "PW5_3", "PW5_3\PW5_3.csproj", "{D8F113E9-4E6D-4323-A540-CAD8D6574E82}"
EndProject
Project("{FAE04EC0-301F-11D3-BF4B-00C04F79EFBC}") = "PW5_4", "PW5_4\PW5_4.csproj", "{E54DEBEF-DF44-4226-B2CF-3EB53FF011B8}"
EndProject
Project("{FAE04EC0-301F-11D3-BF4B-00C04F79EFBC}") = "PW5_5", "PW5_5\PW5_5.csproj", "{88909290-6253-487F-862F-0F8D701CA849}"
EndProject
Global
	GlobalSection(SolutionConfigurationPlatforms) = preSolution
		Debug|Any CPU = Debug|Any CPU
		Release|Any CPU = Release|Any CPU
	EndGlobalSection
	GlobalSection(ProjectConfigurationPlatforms) = postSolution
		{08D54BB3-3AEB-4D7B-841C-2A6FEFAAC3B2}.Debug|Any CPU.ActiveCfg = Debug|Any CPU
		{08D54BB3-3AEB-4D7B-841C-2A6FEFAAC3B2}.Debug|Any CPU.Build.0 = Debug|Any CPU
		{08D54BB3-3AEB-4D7B-841C-2A6FEFAAC3B2}.Release|Any CPU.ActiveCfg = Release|Any CPU
		{08D54BB3-3AEB-4D7B-841C-2A6FEFAAC3B2}.Release|Any CPU.Build.0 = Release|Any CPU
		{AA34FB86-0306-4E7C-B73B-8DC00552D89F}.Debug|Any CPU.ActiveCfg = Debug|Any CPU
		{AA34FB86-0306-4E7C-B73B-8DC00552D89F}.Debug|Any CPU.Build.0 = Debug|Any CPU
		{AA34FB86-0306-4E7C-B73B-8DC00552D89F}.Release|Any CPU.ActiveCfg = Release|Any CPU
		{AA34FB86-0306-4E7C-B73B-8DC00552D89F}.Release|Any CPU.Build.0 = Release|Any CPU
		{D8F113E9-4E6D-4323-A540-CAD8D6574E82}.Debug|Any CPU.ActiveCfg = Debug|Any CPU
		{D8F113E9-4E6D-4323-A540-CAD8D6574E82}.Debug|Any CPU.Build.0 = Debug|Any CPU
		{D8F113E9-4E6D-4323-A540-CAD8D6574E82}.Release|Any CPU.ActiveCfg = Release|Any CPU
		{D8F113E9-4E6D-4323-A540-CAD8D6574E82}.Release|Any CPU.Build.0 = Release|Any CPU
		{E54DEBEF-DF44-4226-B2CF-3EB53FF011B8}.Debug|Any CPU.ActiveCfg = Debug|Any CPU
		{E54DEBEF-DF44-4226-B2CF-3EB53FF011B8}.Debug|Any CPU.Build.0 = Debug|Any CPU
		{E54DEBEF-DF44-4226-B2CF-3EB53FF011B8}.Release|Any CPU.ActiveCfg = Release|Any CPU
		{E54DEBEF-DF44-4226-B2CF-3EB53FF011B8}.Release|Any CPU.Build.0 = Release|Any CPU
		{88909290-6253-487F-862F-0F8D701CA849}.Debug|Any CPU.ActiveCfg = Debug|Any CPU
		{88909290-6253-487F-862F-0F8D701CA849}.Debug|Any CPU.Build.0 = Debug|Any CPU
		{88909290-6253-487F-862F-0F8D701CA849}.Release|Any CPU.ActiveCfg = Release|Any CPU
		{88909290-6253-487F-862F-0F8D701CA849}.Release|Any CPU.Build.0 = Release|Any CPU
	EndGlobalSection
	GlobalSection(SolutionProperties) = preSolution
		HideSolutionNode = FALSE
	EndGlobalSection
	GlobalSection(ExtensibilityGlobals) = postSolution
		SolutionGuid = {F5C80621-3818-43AE-8369-0CCFAE708D8F}
	EndGlobalSection
EndGlobal
